
Microsoft Visual Studio Solution File, Format Version 12.00
# Visual Studio Version 17
VisualStudioVersion = 17.10.34928.147
MinimumVisualStudioVersion = 10.0.40219.1
Project("{9A19103F-16F7-4668-BE54-9A1E7A4F7556}") = "Car25", "Car25\Car25.csproj", "{2BE8A6C1-AE34-4D8A-8187-6745FE03FC7D}"
EndProject
Project("{FAE04EC0-301F-11D3-BF4B-00C04F79EFBC}") = "Cars.ApplicationServices", "Cars.Application\Cars.ApplicationServices.csproj", "{2C1DAEE3-8EA4-4861-801C-F13DB04FE7FD}"
EndProject
Project("{FAE04EC0-301F-11D3-BF4B-00C04F79EFBC}") = "Cars.Core", "Cars.Core\Cars.Core.csproj", "{F4E73D7C-7E43-404A-8DD6-8E41FF706659}"
EndProject
Project("{FAE04EC0-301F-11D3-BF4B-00C04F79EFBC}") = "Cars.Data", "Cars.Data\Cars.Data.csproj", "{26FCA10F-6BAB-4CB2-9B2D-241362F7E5A6}"
EndProject
Global
	GlobalSection(SolutionConfigurationPlatforms) = preSolution
		Debug|Any CPU = Debug|Any CPU
		Release|Any CPU = Release|Any CPU
	EndGlobalSection
	GlobalSection(ProjectConfigurationPlatforms) = postSolution
		{2BE8A6C1-AE34-4D8A-8187-6745FE03FC7D}.Debug|Any CPU.ActiveCfg = Debug|Any CPU
		{2BE8A6C1-AE34-4D8A-8187-6745FE03FC7D}.Debug|Any CPU.Build.0 = Debug|Any CPU
		{2BE8A6C1-AE34-4D8A-8187-6745FE03FC7D}.Release|Any CPU.ActiveCfg = Release|Any CPU
		{2BE8A6C1-AE34-4D8A-8187-6745FE03FC7D}.Release|Any CPU.Build.0 = Release|Any CPU
		{2C1DAEE3-8EA4-4861-801C-F13DB04FE7FD}.Debug|Any CPU.ActiveCfg = Debug|Any CPU
		{2C1DAEE3-8EA4-4861-801C-F13DB04FE7FD}.Debug|Any CPU.Build.0 = Debug|Any CPU
		{2C1DAEE3-8EA4-4861-801C-F13DB04FE7FD}.Release|Any CPU.ActiveCfg = Release|Any CPU
		{2C1DAEE3-8EA4-4861-801C-F13DB04FE7FD}.Release|Any CPU.Build.0 = Release|Any CPU
		{F4E73D7C-7E43-404A-8DD6-8E41FF706659}.Debug|Any CPU.ActiveCfg = Debug|Any CPU
		{F4E73D7C-7E43-404A-8DD6-8E41FF706659}.Debug|Any CPU.Build.0 = Debug|Any CPU
		{F4E73D7C-7E43-404A-8DD6-8E41FF706659}.Release|Any CPU.ActiveCfg = Release|Any CPU
		{F4E73D7C-7E43-404A-8DD6-8E41FF706659}.Release|Any CPU.Build.0 = Release|Any CPU
		{26FCA10F-6BAB-4CB2-9B2D-241362F7E5A6}.Debug|Any CPU.ActiveCfg = Debug|Any CPU
		{26FCA10F-6BAB-4CB2-9B2D-241362F7E5A6}.Debug|Any CPU.Build.0 = Debug|Any CPU
		{26FCA10F-6BAB-4CB2-9B2D-241362F7E5A6}.Release|Any CPU.ActiveCfg = Release|Any CPU
		{26FCA10F-6BAB-4CB2-9B2D-241362F7E5A6}.Release|Any CPU.Build.0 = Release|Any CPU
	EndGlobalSection
	GlobalSection(SolutionProperties) = preSolution
		HideSolutionNode = FALSE
	EndGlobalSection
	GlobalSection(ExtensibilityGlobals) = postSolution
		SolutionGuid = {FB573087-02E4-4482-8A3B-59E0D2968392}
	EndGlobalSection
EndGlobal
